
Microsoft Visual Studio Solution File, Format Version 12.00
# Visual Studio Version 16
VisualStudioVersion = 16.0.30611.23
MinimumVisualStudioVersion = 10.0.40219.1
Project("{FAE04EC0-301F-11D3-BF4B-00C04F79EFBC}") = "IntegralParallel", "IntegralParallel\IntegralParallel.csproj", "{CCDCF8F4-DFBD-4940-8CD8-E7A83A6F169F}"
EndProject
Project("{FAE04EC0-301F-11D3-BF4B-00C04F79EFBC}") = "Integral.Tests", "Integral.Tests\Integral.Tests.csproj", "{4F717844-8B71-4D9C-985C-19559AE17B08}"
EndProject
Global
	GlobalSection(SolutionConfigurationPlatforms) = preSolution
		Debug|Any CPU = Debug|Any CPU
		Release|Any CPU = Release|Any CPU
	EndGlobalSection
	GlobalSection(ProjectConfigurationPlatforms) = postSolution
		{CCDCF8F4-DFBD-4940-8CD8-E7A83A6F169F}.Debug|Any CPU.ActiveCfg = Debug|Any CPU
		{CCDCF8F4-DFBD-4940-8CD8-E7A83A6F169F}.Debug|Any CPU.Build.0 = Debug|Any CPU
		{CCDCF8F4-DFBD-4940-8CD8-E7A83A6F169F}.Release|Any CPU.ActiveCfg = Release|Any CPU
		{CCDCF8F4-DFBD-4940-8CD8-E7A83A6F169F}.Release|Any CPU.Build.0 = Release|Any CPU
		{4F717844-8B71-4D9C-985C-19559AE17B08}.Debug|Any CPU.ActiveCfg = Debug|Any CPU
		{4F717844-8B71-4D9C-985C-19559AE17B08}.Debug|Any CPU.Build.0 = Debug|Any CPU
		{4F717844-8B71-4D9C-985C-19559AE17B08}.Release|Any CPU.ActiveCfg = Release|Any CPU
		{4F717844-8B71-4D9C-985C-19559AE17B08}.Release|Any CPU.Build.0 = Release|Any CPU
	EndGlobalSection
	GlobalSection(SolutionProperties) = preSolution
		HideSolutionNode = FALSE
	EndGlobalSection
	GlobalSection(ExtensibilityGlobals) = postSolution
		SolutionGuid = {BBD0F6D4-9899-4268-AFB7-B29420665630}
	EndGlobalSection
EndGlobal
